
Microsoft Visual Studio Solution File, Format Version 12.00
# Visual Studio Version 17
VisualStudioVersion = 17.6.33829.357
MinimumVisualStudioVersion = 10.0.40219.1
Project("{FAE04EC0-301F-11D3-BF4B-00C04F79EFBC}") = "YourLibrary", "YourLibrary\YourLibrary.csproj", "{D6B1DAE3-DA14-46AF-A32D-09E4FC7F335B}"
EndProject
Global
	GlobalSection(SolutionConfigurationPlatforms) = preSolution
		Debug|Any CPU = Debug|Any CPU
		Release|Any CPU = Release|Any CPU
	EndGlobalSection
	GlobalSection(ProjectConfigurationPlatforms) = postSolution
		{D6B1DAE3-DA14-46AF-A32D-09E4FC7F335B}.Debug|Any CPU.ActiveCfg = Debug|Any CPU
		{D6B1DAE3-DA14-46AF-A32D-09E4FC7F335B}.Debug|Any CPU.Build.0 = Debug|Any CPU
		{D6B1DAE3-DA14-46AF-A32D-09E4FC7F335B}.Release|Any CPU.ActiveCfg = Release|Any CPU
		{D6B1DAE3-DA14-46AF-A32D-09E4FC7F335B}.Release|Any CPU.Build.0 = Release|Any CPU
	EndGlobalSection
	GlobalSection(SolutionProperties) = preSolution
		HideSolutionNode = FALSE
	EndGlobalSection
	GlobalSection(ExtensibilityGlobals) = postSolution
		SolutionGuid = {57CE9D9A-865D-4CE5-AE8F-F25D0A5D4672}
	EndGlobalSection
EndGlobal
